
Microsoft Visual Studio Solution File, Format Version 12.00
# Visual Studio Version 17
VisualStudioVersion = 17.10.35013.160
MinimumVisualStudioVersion = 10.0.40219.1
Project("{2150E333-8FDC-42A3-9474-1A3956D46DE8}") = "Solution Items", "Solution Items", "{A2E61590-0069-4746-A44D-4B2B805EDD91}"
	ProjectSection(SolutionItems) = preProject
		.editorconfig = .editorconfig
		.gitignore = .gitignore
		build.cmd = build.cmd
		CodeAnalysisDictionary.xml = CodeAnalysisDictionary.xml
		NuGet.config = NuGet.config
		NuGet.ruleset = NuGet.ruleset
	EndProjectSection
EndProject
Project("{2150E333-8FDC-42A3-9474-1A3956D46DE8}") = "core", "core", "{F2330022-FA1C-413A-A2A9-35B1F035DD50}"
EndProject
Project("{2150E333-8FDC-42A3-9474-1A3956D46DE8}") = "src", "src", "{E9D40FB4-1C99-442B-9AA0-3CD1666FAD65}"
EndProject
Project("{2150E333-8FDC-42A3-9474-1A3956D46DE8}") = "test", "test", "{B065A7AC-F922-41E7-98A5-AC36AC09F7BE}"
EndProject
Project("{2150E333-8FDC-42A3-9474-1A3956D46DE8}") = "Clients", "Clients", "{6A4FF545-C6C8-4F7B-821F-4720870CCBDD}"
EndProject
Project("{2150E333-8FDC-42A3-9474-1A3956D46DE8}") = "Storeage", "Storeage", "{D0434D69-A0D7-4C07-9185-8572792B4220}"
EndProject
Project("{9A19103F-16F7-4668-BE54-9A1E7A4F7556}") = "NuGet.Functions", "CoreUpdate\Clients\NuGet.Functions\NuGet.Functions.csproj", "{E222701C-EDE6-45CB-9D1F-789DE0F394CC}"
EndProject
Project("{9A19103F-16F7-4668-BE54-9A1E7A4F7556}") = "NuGet.Service", "CoreUpdate\src\NuGet.Server\NuGet.Service.csproj", "{08368F9E-4D68-4FA4-B3B4-035B46094C2A}"
EndProject
Project("{9A19103F-16F7-4668-BE54-9A1E7A4F7556}") = "NuGet.Service.Core", "CoreUpdate\src\NuGet.Core\NuGet.Service.Core.csproj", "{2CB7F662-F3F7-4DB0-BCDE-6A1E2E7940EC}"
EndProject
Project("{9A19103F-16F7-4668-BE54-9A1E7A4F7556}") = "Nuget.StorageAccount", "CoreUpdate\Storeage\Nuget.StorageAccount\Nuget.StorageAccount.csproj", "{F7B5D357-D32D-46BB-8D4B-02D3606E26AD}"
EndProject
Project("{9A19103F-16F7-4668-BE54-9A1E7A4F7556}") = "Nuget.FileStorage", "Nuget.FileStoreage\Nuget.FileStorage.csproj", "{8A33AA49-231D-44A0-B648-384BD985D2C8}"
EndProject
Project("{FAE04EC0-301F-11D3-BF4B-00C04F79EFBC}") = "NuGet.WebApp", "NuGet.WebApp\NuGet.WebApp.csproj", "{DBD39E7A-3D96-4DB0-BAD8-CBC1A8CF8635}"
EndProject
Global
	GlobalSection(SolutionConfigurationPlatforms) = preSolution
		Coverage|Any CPU = Coverage|Any CPU
		Coverage|Mixed Platforms = Coverage|Mixed Platforms
		Debug|Any CPU = Debug|Any CPU
		Debug|Mixed Platforms = Debug|Mixed Platforms
		Mono Debug|Any CPU = Mono Debug|Any CPU
		Mono Debug|Mixed Platforms = Mono Debug|Mixed Platforms
		Mono Release|Any CPU = Mono Release|Any CPU
		Mono Release|Mixed Platforms = Mono Release|Mixed Platforms
		Release|Any CPU = Release|Any CPU
		Release|Mixed Platforms = Release|Mixed Platforms
	EndGlobalSection
	GlobalSection(ProjectConfigurationPlatforms) = postSolution
		{E222701C-EDE6-45CB-9D1F-789DE0F394CC}.Coverage|Any CPU.ActiveCfg = Debug|Any CPU
		{E222701C-EDE6-45CB-9D1F-789DE0F394CC}.Coverage|Any CPU.Build.0 = Debug|Any CPU
		{E222701C-EDE6-45CB-9D1F-789DE0F394CC}.Coverage|Mixed Platforms.ActiveCfg = Debug|Any CPU
		{E222701C-EDE6-45CB-9D1F-789DE0F394CC}.Coverage|Mixed Platforms.Build.0 = Debug|Any CPU
		{E222701C-EDE6-45CB-9D1F-789DE0F394CC}.Debug|Any CPU.ActiveCfg = Debug|Any CPU
		{E222701C-EDE6-45CB-9D1F-789DE0F394CC}.Debug|Any CPU.Build.0 = Debug|Any CPU
		{E222701C-EDE6-45CB-9D1F-789DE0F394CC}.Debug|Mixed Platforms.ActiveCfg = Debug|Any CPU
		{E222701C-EDE6-45CB-9D1F-789DE0F394CC}.Debug|Mixed Platforms.Build.0 = Debug|Any CPU
		{E222701C-EDE6-45CB-9D1F-789DE0F394CC}.Mono Debug|Any CPU.ActiveCfg = Debug|Any CPU
		{E222701C-EDE6-45CB-9D1F-789DE0F394CC}.Mono Debug|Any CPU.Build.0 = Debug|Any CPU
		{E222701C-EDE6-45CB-9D1F-789DE0F394CC}.Mono Debug|Mixed Platforms.ActiveCfg = Debug|Any CPU
		{E222701C-EDE6-45CB-9D1F-789DE0F394CC}.Mono Debug|Mixed Platforms.Build.0 = Debug|Any CPU
		{E222701C-EDE6-45CB-9D1F-789DE0F394CC}.Mono Release|Any CPU.ActiveCfg = Release|Any CPU
		{E222701C-EDE6-45CB-9D1F-789DE0F394CC}.Mono Release|Any CPU.Build.0 = Release|Any CPU
		{E222701C-EDE6-45CB-9D1F-789DE0F394CC}.Mono Release|Mixed Platforms.ActiveCfg = Release|Any CPU
		{E222701C-EDE6-45CB-9D1F-789DE0F394CC}.Mono Release|Mixed Platforms.Build.0 = Release|Any CPU
		{E222701C-EDE6-45CB-9D1F-789DE0F394CC}.Release|Any CPU.ActiveCfg = Release|Any CPU
		{E222701C-EDE6-45CB-9D1F-789DE0F394CC}.Release|Any CPU.Build.0 = Release|Any CPU
		{E222701C-EDE6-45CB-9D1F-789DE0F394CC}.Release|Mixed Platforms.ActiveCfg = Release|Any CPU
		{E222701C-EDE6-45CB-9D1F-789DE0F394CC}.Release|Mixed Platforms.Build.0 = Release|Any CPU
		{08368F9E-4D68-4FA4-B3B4-035B46094C2A}.Coverage|Any CPU.ActiveCfg = Debug|Any CPU
		{08368F9E-4D68-4FA4-B3B4-035B46094C2A}.Coverage|Any CPU.Build.0 = Debug|Any CPU
		{08368F9E-4D68-4FA4-B3B4-035B46094C2A}.Coverage|Mixed Platforms.ActiveCfg = Debug|Any CPU
		{08368F9E-4D68-4FA4-B3B4-035B46094C2A}.Coverage|Mixed Platforms.Build.0 = Debug|Any CPU
		{08368F9E-4D68-4FA4-B3B4-035B46094C2A}.Debug|Any CPU.ActiveCfg = Debug|Any CPU
		{08368F9E-4D68-4FA4-B3B4-035B46094C2A}.Debug|Any CPU.Build.0 = Debug|Any CPU
		{08368F9E-4D68-4FA4-B3B4-035B46094C2A}.Debug|Mixed Platforms.ActiveCfg = Debug|Any CPU
		{08368F9E-4D68-4FA4-B3B4-035B46094C2A}.Debug|Mixed Platforms.Build.0 = Debug|Any CPU
		{08368F9E-4D68-4FA4-B3B4-035B46094C2A}.Mono Debug|Any CPU.ActiveCfg = Debug|Any CPU
		{08368F9E-4D68-4FA4-B3B4-035B46094C2A}.Mono Debug|Any CPU.Build.0 = Debug|Any CPU
		{08368F9E-4D68-4FA4-B3B4-035B46094C2A}.Mono Debug|Mixed Platforms.ActiveCfg = Debug|Any CPU
		{08368F9E-4D68-4FA4-B3B4-035B46094C2A}.Mono Debug|Mixed Platforms.Build.0 = Debug|Any CPU
		{08368F9E-4D68-4FA4-B3B4-035B46094C2A}.Mono Release|Any CPU.ActiveCfg = Release|Any CPU
		{08368F9E-4D68-4FA4-B3B4-035B46094C2A}.Mono Release|Any CPU.Build.0 = Release|Any CPU
		{08368F9E-4D68-4FA4-B3B4-035B46094C2A}.Mono Release|Mixed Platforms.ActiveCfg = Release|Any CPU
		{08368F9E-4D68-4FA4-B3B4-035B46094C2A}.Mono Release|Mixed Platforms.Build.0 = Release|Any CPU
		{08368F9E-4D68-4FA4-B3B4-035B46094C2A}.Release|Any CPU.ActiveCfg = Release|Any CPU
		{08368F9E-4D68-4FA4-B3B4-035B46094C2A}.Release|Any CPU.Build.0 = Release|Any CPU
		{08368F9E-4D68-4FA4-B3B4-035B46094C2A}.Release|Mixed Platforms.ActiveCfg = Release|Any CPU
		{08368F9E-4D68-4FA4-B3B4-035B46094C2A}.Release|Mixed Platforms.Build.0 = Release|Any CPU
		{2CB7F662-F3F7-4DB0-BCDE-6A1E2E7940EC}.Coverage|Any CPU.ActiveCfg = Debug|Any CPU
		{2CB7F662-F3F7-4DB0-BCDE-6A1E2E7940EC}.Coverage|Any CPU.Build.0 = Debug|Any CPU
		{2CB7F662-F3F7-4DB0-BCDE-6A1E2E7940EC}.Coverage|Mixed Platforms.ActiveCfg = Debug|Any CPU
		{2CB7F662-F3F7-4DB0-BCDE-6A1E2E7940EC}.Coverage|Mixed Platforms.Build.0 = Debug|Any CPU
		{2CB7F662-F3F7-4DB0-BCDE-6A1E2E7940EC}.Debug|Any CPU.ActiveCfg = Debug|Any CPU
		{2CB7F662-F3F7-4DB0-BCDE-6A1E2E7940EC}.Debug|Any CPU.Build.0 = Debug|Any CPU
		{2CB7F662-F3F7-4DB0-BCDE-6A1E2E7940EC}.Debug|Mixed Platforms.ActiveCfg = Debug|Any CPU
		{2CB7F662-F3F7-4DB0-BCDE-6A1E2E7940EC}.Debug|Mixed Platforms.Build.0 = Debug|Any CPU
		{2CB7F662-F3F7-4DB0-BCDE-6A1E2E7940EC}.Mono Debug|Any CPU.ActiveCfg = Debug|Any CPU
		{2CB7F662-F3F7-4DB0-BCDE-6A1E2E7940EC}.Mono Debug|Any CPU.Build.0 = Debug|Any CPU
		{2CB7F662-F3F7-4DB0-BCDE-6A1E2E7940EC}.Mono Debug|Mixed Platforms.ActiveCfg = Debug|Any CPU
		{2CB7F662-F3F7-4DB0-BCDE-6A1E2E7940EC}.Mono Debug|Mixed Platforms.Build.0 = Debug|Any CPU
		{2CB7F662-F3F7-4DB0-BCDE-6A1E2E7940EC}.Mono Release|Any CPU.ActiveCfg = Release|Any CPU
		{2CB7F662-F3F7-4DB0-BCDE-6A1E2E7940EC}.Mono Release|Any CPU.Build.0 = Release|Any CPU
		{2CB7F662-F3F7-4DB0-BCDE-6A1E2E7940EC}.Mono Release|Mixed Platforms.ActiveCfg = Release|Any CPU
		{2CB7F662-F3F7-4DB0-BCDE-6A1E2E7940EC}.Mono Release|Mixed Platforms.Build.0 = Release|Any CPU
		{2CB7F662-F3F7-4DB0-BCDE-6A1E2E7940EC}.Release|Any CPU.ActiveCfg = Release|Any CPU
		{2CB7F662-F3F7-4DB0-BCDE-6A1E2E7940EC}.Release|Any CPU.Build.0 = Release|Any CPU
		{2CB7F662-F3F7-4DB0-BCDE-6A1E2E7940EC}.Release|Mixed Platforms.ActiveCfg = Release|Any CPU
		{2CB7F662-F3F7-4DB0-BCDE-6A1E2E7940EC}.Release|Mixed Platforms.Build.0 = Release|Any CPU
		{F7B5D357-D32D-46BB-8D4B-02D3606E26AD}.Coverage|Any CPU.ActiveCfg = Debug|Any CPU
		{F7B5D357-D32D-46BB-8D4B-02D3606E26AD}.Coverage|Any CPU.Build.0 = Debug|Any CPU
		{F7B5D357-D32D-46BB-8D4B-02D3606E26AD}.Coverage|Mixed Platforms.ActiveCfg = Debug|Any CPU
		{F7B5D357-D32D-46BB-8D4B-02D3606E26AD}.Coverage|Mixed Platforms.Build.0 = Debug|Any CPU
		{F7B5D357-D32D-46BB-8D4B-02D3606E26AD}.Debug|Any CPU.ActiveCfg = Debug|Any CPU
		{F7B5D357-D32D-46BB-8D4B-02D3606E26AD}.Debug|Any CPU.Build.0 = Debug|Any CPU
		{F7B5D357-D32D-46BB-8D4B-02D3606E26AD}.Debug|Mixed Platforms.ActiveCfg = Debug|Any CPU
		{F7B5D357-D32D-46BB-8D4B-02D3606E26AD}.Debug|Mixed Platforms.Build.0 = Debug|Any CPU
		{F7B5D357-D32D-46BB-8D4B-02D3606E26AD}.Mono Debug|Any CPU.ActiveCfg = Debug|Any CPU
		{F7B5D357-D32D-46BB-8D4B-02D3606E26AD}.Mono Debug|Any CPU.Build.0 = Debug|Any CPU
		{F7B5D357-D32D-46BB-8D4B-02D3606E26AD}.Mono Debug|Mixed Platforms.ActiveCfg = Debug|Any CPU
		{F7B5D357-D32D-46BB-8D4B-02D3606E26AD}.Mono Debug|Mixed Platforms.Build.0 = Debug|Any CPU
		{F7B5D357-D32D-46BB-8D4B-02D3606E26AD}.Mono Release|Any CPU.ActiveCfg = Release|Any CPU
		{F7B5D357-D32D-46BB-8D4B-02D3606E26AD}.Mono Release|Any CPU.Build.0 = Release|Any CPU
		{F7B5D357-D32D-46BB-8D4B-02D3606E26AD}.Mono Release|Mixed Platforms.ActiveCfg = Release|Any CPU
		{F7B5D357-D32D-46BB-8D4B-02D3606E26AD}.Mono Release|Mixed Platforms.Build.0 = Release|Any CPU
		{F7B5D357-D32D-46BB-8D4B-02D3606E26AD}.Release|Any CPU.ActiveCfg = Release|Any CPU
		{F7B5D357-D32D-46BB-8D4B-02D3606E26AD}.Release|Any CPU.Build.0 = Release|Any CPU
		{F7B5D357-D32D-46BB-8D4B-02D3606E26AD}.Release|Mixed Platforms.ActiveCfg = Release|Any CPU
		{F7B5D357-D32D-46BB-8D4B-02D3606E26AD}.Release|Mixed Platforms.Build.0 = Release|Any CPU
		{8A33AA49-231D-44A0-B648-384BD985D2C8}.Coverage|Any CPU.ActiveCfg = Debug|Any CPU
		{8A33AA49-231D-44A0-B648-384BD985D2C8}.Coverage|Any CPU.Build.0 = Debug|Any CPU
		{8A33AA49-231D-44A0-B648-384BD985D2C8}.Coverage|Mixed Platforms.ActiveCfg = Debug|Any CPU
		{8A33AA49-231D-44A0-B648-384BD985D2C8}.Coverage|Mixed Platforms.Build.0 = Debug|Any CPU
		{8A33AA49-231D-44A0-B648-384BD985D2C8}.Debug|Any CPU.ActiveCfg = Debug|Any CPU
		{8A33AA49-231D-44A0-B648-384BD985D2C8}.Debug|Any CPU.Build.0 = Debug|Any CPU
		{8A33AA49-231D-44A0-B648-384BD985D2C8}.Debug|Mixed Platforms.ActiveCfg = Debug|Any CPU
		{8A33AA49-231D-44A0-B648-384BD985D2C8}.Debug|Mixed Platforms.Build.0 = Debug|Any CPU
		{8A33AA49-231D-44A0-B648-384BD985D2C8}.Mono Debug|Any CPU.ActiveCfg = Debug|Any CPU
		{8A33AA49-231D-44A0-B648-384BD985D2C8}.Mono Debug|Any CPU.Build.0 = Debug|Any CPU
		{8A33AA49-231D-44A0-B648-384BD985D2C8}.Mono Debug|Mixed Platforms.ActiveCfg = Debug|Any CPU
		{8A33AA49-231D-44A0-B648-384BD985D2C8}.Mono Debug|Mixed Platforms.Build.0 = Debug|Any CPU
		{8A33AA49-231D-44A0-B648-384BD985D2C8}.Mono Release|Any CPU.ActiveCfg = Release|Any CPU
		{8A33AA49-231D-44A0-B648-384BD985D2C8}.Mono Release|Any CPU.Build.0 = Release|Any CPU
		{8A33AA49-231D-44A0-B648-384BD985D2C8}.Mono Release|Mixed Platforms.ActiveCfg = Release|Any CPU
		{8A33AA49-231D-44A0-B648-384BD985D2C8}.Mono Release|Mixed Platforms.Build.0 = Release|Any CPU
		{8A33AA49-231D-44A0-B648-384BD985D2C8}.Release|Any CPU.ActiveCfg = Release|Any CPU
		{8A33AA49-231D-44A0-B648-384BD985D2C8}.Release|Any CPU.Build.0 = Release|Any CPU
		{8A33AA49-231D-44A0-B648-384BD985D2C8}.Release|Mixed Platforms.ActiveCfg = Release|Any CPU
		{8A33AA49-231D-44A0-B648-384BD985D2C8}.Release|Mixed Platforms.Build.0 = Release|Any CPU
		{DBD39E7A-3D96-4DB0-BAD8-CBC1A8CF8635}.Coverage|Any CPU.ActiveCfg = Debug|Any CPU
		{DBD39E7A-3D96-4DB0-BAD8-CBC1A8CF8635}.Coverage|Any CPU.Build.0 = Debug|Any CPU
		{DBD39E7A-3D96-4DB0-BAD8-CBC1A8CF8635}.Coverage|Mixed Platforms.ActiveCfg = Debug|Any CPU
		{DBD39E7A-3D96-4DB0-BAD8-CBC1A8CF8635}.Coverage|Mixed Platforms.Build.0 = Debug|Any CPU
		{DBD39E7A-3D96-4DB0-BAD8-CBC1A8CF8635}.Debug|Any CPU.ActiveCfg = Debug|Any CPU
		{DBD39E7A-3D96-4DB0-BAD8-CBC1A8CF8635}.Debug|Any CPU.Build.0 = Debug|Any CPU
		{DBD39E7A-3D96-4DB0-BAD8-CBC1A8CF8635}.Debug|Mixed Platforms.ActiveCfg = Debug|Any CPU
		{DBD39E7A-3D96-4DB0-BAD8-CBC1A8CF8635}.Debug|Mixed Platforms.Build.0 = Debug|Any CPU
		{DBD39E7A-3D96-4DB0-BAD8-CBC1A8CF8635}.Mono Debug|Any CPU.ActiveCfg = Debug|Any CPU
		{DBD39E7A-3D96-4DB0-BAD8-CBC1A8CF8635}.Mono Debug|Any CPU.Build.0 = Debug|Any CPU
		{DBD39E7A-3D96-4DB0-BAD8-CBC1A8CF8635}.Mono Debug|Mixed Platforms.ActiveCfg = Debug|Any CPU
		{DBD39E7A-3D96-4DB0-BAD8-CBC1A8CF8635}.Mono Debug|Mixed Platforms.Build.0 = Debug|Any CPU
		{DBD39E7A-3D96-4DB0-BAD8-CBC1A8CF8635}.Mono Release|Any CPU.ActiveCfg = Release|Any CPU
		{DBD39E7A-3D96-4DB0-BAD8-CBC1A8CF8635}.Mono Release|Any CPU.Build.0 = Release|Any CPU
		{DBD39E7A-3D96-4DB0-BAD8-CBC1A8CF8635}.Mono Release|Mixed Platforms.ActiveCfg = Release|Any CPU
		{DBD39E7A-3D96-4DB0-BAD8-CBC1A8CF8635}.Mono Release|Mixed Platforms.Build.0 = Release|Any CPU
		{DBD39E7A-3D96-4DB0-BAD8-CBC1A8CF8635}.Release|Any CPU.ActiveCfg = Release|Any CPU
		{DBD39E7A-3D96-4DB0-BAD8-CBC1A8CF8635}.Release|Any CPU.Build.0 = Release|Any CPU
		{DBD39E7A-3D96-4DB0-BAD8-CBC1A8CF8635}.Release|Mixed Platforms.ActiveCfg = Release|Any CPU
		{DBD39E7A-3D96-4DB0-BAD8-CBC1A8CF8635}.Release|Mixed Platforms.Build.0 = Release|Any CPU
	EndGlobalSection
	GlobalSection(SolutionProperties) = preSolution
		HideSolutionNode = FALSE
	EndGlobalSection
	GlobalSection(NestedProjects) = preSolution
		{E9D40FB4-1C99-442B-9AA0-3CD1666FAD65} = {F2330022-FA1C-413A-A2A9-35B1F035DD50}
		{B065A7AC-F922-41E7-98A5-AC36AC09F7BE} = {F2330022-FA1C-413A-A2A9-35B1F035DD50}
		{6A4FF545-C6C8-4F7B-821F-4720870CCBDD} = {F2330022-FA1C-413A-A2A9-35B1F035DD50}
		{D0434D69-A0D7-4C07-9185-8572792B4220} = {F2330022-FA1C-413A-A2A9-35B1F035DD50}
		{E222701C-EDE6-45CB-9D1F-789DE0F394CC} = {6A4FF545-C6C8-4F7B-821F-4720870CCBDD}
		{08368F9E-4D68-4FA4-B3B4-035B46094C2A} = {E9D40FB4-1C99-442B-9AA0-3CD1666FAD65}
		{2CB7F662-F3F7-4DB0-BCDE-6A1E2E7940EC} = {E9D40FB4-1C99-442B-9AA0-3CD1666FAD65}
		{F7B5D357-D32D-46BB-8D4B-02D3606E26AD} = {D0434D69-A0D7-4C07-9185-8572792B4220}
		{8A33AA49-231D-44A0-B648-384BD985D2C8} = {D0434D69-A0D7-4C07-9185-8572792B4220}
		{DBD39E7A-3D96-4DB0-BAD8-CBC1A8CF8635} = {6A4FF545-C6C8-4F7B-821F-4720870CCBDD}
	EndGlobalSection
	GlobalSection(ExtensibilityGlobals) = postSolution
		SolutionGuid = {65B33E36-8F0F-4E6B-9143-C5C34911F25F}
	EndGlobalSection
EndGlobal
